
Microsoft Visual Studio Solution File, Format Version 12.00
# Visual Studio Version 17
VisualStudioVersion = 17.4.33020.496
MinimumVisualStudioVersion = 10.0.40219.1
Project("{9A19103F-16F7-4668-BE54-9A1E7A4F7556}") = "GoogleTranslateIpCheck", "GoogleTranslateIpCheck\GoogleTranslateIpCheck.csproj", "{D665BCCF-5923-4685-89E2-02FC957C801D}"
EndProject
Project("{2150E333-8FDC-42A3-9474-1A3956D46DE8}") = "解决方案项", "解决方案项", "{3E6D13D5-016F-4170-981B-D74329DAC382}"
	ProjectSection(SolutionItems) = preProject
		.editorconfig = .editorconfig
		.gitattributes = .gitattributes
		.gitignore = .gitignore
		LICENSE = LICENSE
		README.md = README.md
	EndProjectSection
EndProject
Global
	GlobalSection(SolutionConfigurationPlatforms) = preSolution
		Debug|Any CPU = Debug|Any CPU
		Release|Any CPU = Release|Any CPU
	EndGlobalSection
	GlobalSection(ProjectConfigurationPlatforms) = postSolution
		{D665BCCF-5923-4685-89E2-02FC957C801D}.Debug|Any CPU.ActiveCfg = Debug|Any CPU
		{D665BCCF-5923-4685-89E2-02FC957C801D}.Debug|Any CPU.Build.0 = Debug|Any CPU
		{D665BCCF-5923-4685-89E2-02FC957C801D}.Release|Any CPU.ActiveCfg = Release|Any CPU
		{D665BCCF-5923-4685-89E2-02FC957C801D}.Release|Any CPU.Build.0 = Release|Any CPU
	EndGlobalSection
	GlobalSection(SolutionProperties) = preSolution
		HideSolutionNode = FALSE
	EndGlobalSection
	GlobalSection(ExtensibilityGlobals) = postSolution
		SolutionGuid = {82300722-D663-42B5-AF71-797E482A5552}
	EndGlobalSection
EndGlobal
